
Microsoft Visual Studio Solution File, Format Version 12.00
# Visual Studio Version 17
VisualStudioVersion = 17.10.35027.167
MinimumVisualStudioVersion = 10.0.40219.1
Project("{9A19103F-16F7-4668-BE54-9A1E7A4F7556}") = "GisProxy", "GisProxy\GisProxy.csproj", "{1A760218-DD1E-4AD8-98B2-14A1B8294DCE}"
EndProject
Project("{E53339B2-1760-4266-BCC7-CA923CBCF16C}") = "docker-compose", "docker-compose.dcproj", "{F1D23558-458C-4A0A-9CBD-F884FBB73DC7}"
EndProject
Global
	GlobalSection(SolutionConfigurationPlatforms) = preSolution
		Debug|Any CPU = Debug|Any CPU
		Release|Any CPU = Release|Any CPU
	EndGlobalSection
	GlobalSection(ProjectConfigurationPlatforms) = postSolution
		{1A760218-DD1E-4AD8-98B2-14A1B8294DCE}.Debug|Any CPU.ActiveCfg = Debug|Any CPU
		{1A760218-DD1E-4AD8-98B2-14A1B8294DCE}.Debug|Any CPU.Build.0 = Debug|Any CPU
		{1A760218-DD1E-4AD8-98B2-14A1B8294DCE}.Release|Any CPU.ActiveCfg = Release|Any CPU
		{1A760218-DD1E-4AD8-98B2-14A1B8294DCE}.Release|Any CPU.Build.0 = Release|Any CPU
		{F1D23558-458C-4A0A-9CBD-F884FBB73DC7}.Debug|Any CPU.ActiveCfg = Debug|Any CPU
		{F1D23558-458C-4A0A-9CBD-F884FBB73DC7}.Debug|Any CPU.Build.0 = Debug|Any CPU
		{F1D23558-458C-4A0A-9CBD-F884FBB73DC7}.Release|Any CPU.ActiveCfg = Release|Any CPU
		{F1D23558-458C-4A0A-9CBD-F884FBB73DC7}.Release|Any CPU.Build.0 = Release|Any CPU
	EndGlobalSection
	GlobalSection(SolutionProperties) = preSolution
		HideSolutionNode = FALSE
	EndGlobalSection
	GlobalSection(ExtensibilityGlobals) = postSolution
		SolutionGuid = {5BEFFC70-B178-47BE-8928-233E702D6700}
	EndGlobalSection
EndGlobal
